# THIS IS AN AUTOGENERATED FILE. DO NOT EDIT THIS FILE DIRECTLY.
# yarn lockfile v1


log-version@1.1.0:
  version "1.1.0"
  resolved "https://npm-proxy.fury.io/mirakl/~/d/log-version/log-version-1.1.0#78c7116945686574f805a00c74d536823c65f866"
  integrity sha1-eMcRaUVoZXT4BaAMdNU2gjxl+GY=

"package-a@link:../workspaces/packages/package-a":
  version "0.0.0"
  uid ""
